// !$*UTF8*$!
{
	archiveVersion = 1;
	classes = {
	};
	objectVersion = 77;
	objects = {

/* Begin PBXBuildFile section */
		D3FDA9E92E3633D200BEE429 /* swift_strategies_framework.framework in Frameworks */ = {isa = PBXBuildFile; fileRef = D3FDA9E02E3633D200BEE429 /* swift_strategies_framework.framework */; };
		D3FDAA322E3636E800BEE429 /* swift_strategies_framework.framework in Frameworks */ = {isa = PBXBuildFile; fileRef = D3FDA9E02E3633D200BEE429 /* swift_strategies_framework.framework */; };
		D3FDAA332E3636E800BEE429 /* swift_strategies_framework.framework in Embed Frameworks */ = {isa = PBXBuildFile; fileRef = D3FDA9E02E3633D200BEE429 /* swift_strategies_framework.framework */; settings = {ATTRIBUTES = (CodeSignOnCopy, RemoveHeadersOnCopy, ); }; };
/* End PBXBuildFile section */

/* Begin PBXContainerItemProxy section */
		D3FDA9EA2E3633D200BEE429 /* PBXContainerItemProxy */ = {
			isa = PBXContainerItemProxy;
			containerPortal = D30E005C2E22EB43003660AD /* Project object */;
			proxyType = 1;
			remoteGlobalIDString = D3FDA9DF2E3633D200BEE429;
			remoteInfo = swift_strategies_framework;
		};
		D3FDAA342E3636E800BEE429 /* PBXContainerItemProxy */ = {
			isa = PBXContainerItemProxy;
			containerPortal = D30E005C2E22EB43003660AD /* Project object */;
			proxyType = 1;
			remoteGlobalIDString = D3FDA9DF2E3633D200BEE429;
			remoteInfo = swift_strategies_framework;
		};
/* End PBXContainerItemProxy section */

/* Begin PBXCopyFilesBuildPhase section */
		D30E00622E22EB43003660AD /* CopyFiles */ = {
			isa = PBXCopyFilesBuildPhase;
			buildActionMask = 2147483647;
			dstPath = /usr/share/man/man1/;
			dstSubfolderSpec = 0;
			files = (
			);
			runOnlyForDeploymentPostprocessing = 1;
		};
		D3FDAA362E3636E900BEE429 /* Embed Frameworks */ = {
			isa = PBXCopyFilesBuildPhase;
			buildActionMask = 2147483647;
			dstPath = "";
			dstSubfolderSpec = 10;
			files = (
				D3FDAA332E3636E800BEE429 /* swift_strategies_framework.framework in Embed Frameworks */,
			);
			name = "Embed Frameworks";
			runOnlyForDeploymentPostprocessing = 0;
		};
/* End PBXCopyFilesBuildPhase section */

/* Begin PBXFileReference section */
		D30E00642E22EB43003660AD /* swift_strategies */ = {isa = PBXFileReference; explicitFileType = "compiled.mach-o.executable"; includeInIndex = 0; path = swift_strategies; sourceTree = BUILT_PRODUCTS_DIR; };
		D3FDA9E02E3633D200BEE429 /* swift_strategies_framework.framework */ = {isa = PBXFileReference; explicitFileType = wrapper.framework; includeInIndex = 0; path = swift_strategies_framework.framework; sourceTree = BUILT_PRODUCTS_DIR; };
		D3FDA9E82E3633D200BEE429 /* swift_strategies_frameworkTests.xctest */ = {isa = PBXFileReference; explicitFileType = wrapper.cfbundle; includeInIndex = 0; path = swift_strategies_frameworkTests.xctest; sourceTree = BUILT_PRODUCTS_DIR; };
/* End PBXFileReference section */

/* Begin PBXFileSystemSynchronizedRootGroup section */
		D30E00662E22EB43003660AD /* swift_strategies */ = {
			isa = PBXFileSystemSynchronizedRootGroup;
			path = swift_strategies;
			sourceTree = "<group>";
		};
		D3FDA9E12E3633D200BEE429 /* swift_strategies_framework */ = {
			isa = PBXFileSystemSynchronizedRootGroup;
			path = swift_strategies_framework;
			sourceTree = "<group>";
		};
		D3FDA9EC2E3633D200BEE429 /* swift_strategies_frameworkTests */ = {
			isa = PBXFileSystemSynchronizedRootGroup;
			path = swift_strategies_frameworkTests;
			sourceTree = "<group>";
		};
/* End PBXFileSystemSynchronizedRootGroup section */

/* Begin PBXFrameworksBuildPhase section */
		D30E00612E22EB43003660AD /* Frameworks */ = {
			isa = PBXFrameworksBuildPhase;
			buildActionMask = 2147483647;
			files = (
				D3FDAA322E3636E800BEE429 /* swift_strategies_framework.framework in Frameworks */,
			);
			runOnlyForDeploymentPostprocessing = 0;
		};
		D3FDA9DD2E3633D200BEE429 /* Frameworks */ = {
			isa = PBXFrameworksBuildPhase;
			buildActionMask = 2147483647;
			files = (
			);
			runOnlyForDeploymentPostprocessing = 0;
		};
		D3FDA9E52E3633D200BEE429 /* Frameworks */ = {
			isa = PBXFrameworksBuildPhase;
			buildActionMask = 2147483647;
			files = (
				D3FDA9E92E3633D200BEE429 /* swift_strategies_framework.framework in Frameworks */,
			);
			runOnlyForDeploymentPostprocessing = 0;
		};
/* End PBXFrameworksBuildPhase section */

/* Begin PBXGroup section */
		D30E005B2E22EB43003660AD = {
			isa = PBXGroup;
			children = (
				D30E00662E22EB43003660AD /* swift_strategies */,
				D3FDA9E12E3633D200BEE429 /* swift_strategies_framework */,
				D3FDA9EC2E3633D200BEE429 /* swift_strategies_frameworkTests */,
				D30E00652E22EB43003660AD /* Products */,
			);
			sourceTree = "<group>";
		};
		D30E00652E22EB43003660AD /* Products */ = {
			isa = PBXGroup;
			children = (
				D30E00642E22EB43003660AD /* swift_strategies */,
				D3FDA9E02E3633D200BEE429 /* swift_strategies_framework.framework */,
				D3FDA9E82E3633D200BEE429 /* swift_strategies_frameworkTests.xctest */,
			);
			name = Products;
			sourceTree = "<group>";
		};
/* End PBXGroup section */

/* Begin PBXHeadersBuildPhase section */
		D3FDA9DB2E3633D200BEE429 /* Headers */ = {
			isa = PBXHeadersBuildPhase;
			buildActionMask = 2147483647;
			files = (
			);
			runOnlyForDeploymentPostprocessing = 0;
		};
/* End PBXHeadersBuildPhase section */

/* Begin PBXNativeTarget section */
		D30E00632E22EB43003660AD /* swift_strategies */ = {
			isa = PBXNativeTarget;
			buildConfigurationList = D30E006B2E22EB43003660AD /* Build configuration list for PBXNativeTarget "swift_strategies" */;
			buildPhases = (
				D30E00602E22EB43003660AD /* Sources */,
				D30E00612E22EB43003660AD /* Frameworks */,
				D30E00622E22EB43003660AD /* CopyFiles */,
				D3FDAA362E3636E900BEE429 /* Embed Frameworks */,
			);
			buildRules = (
			);
			dependencies = (
				D3FDAA352E3636E800BEE429 /* PBXTargetDependency */,
			);
			fileSystemSynchronizedGroups = (
				D30E00662E22EB43003660AD /* swift_strategies */,
			);
			name = swift_strategies;
			packageProductDependencies = (
			);
			productName = swift_strategies;
			productReference = D30E00642E22EB43003660AD /* swift_strategies */;
			productType = "com.apple.product-type.tool";
		};
		D3FDA9DF2E3633D200BEE429 /* swift_strategies_framework */ = {
			isa = PBXNativeTarget;
			buildConfigurationList = D3FDA9F32E3633D200BEE429 /* Build configuration list for PBXNativeTarget "swift_strategies_framework" */;
			buildPhases = (
				D3FDA9DB2E3633D200BEE429 /* Headers */,
				D3FDA9DC2E3633D200BEE429 /* Sources */,
				D3FDA9DD2E3633D200BEE429 /* Frameworks */,
				D3FDA9DE2E3633D200BEE429 /* Resources */,
			);
			buildRules = (
			);
			dependencies = (
			);
			fileSystemSynchronizedGroups = (
				D3FDA9E12E3633D200BEE429 /* swift_strategies_framework */,
			);
			name = swift_strategies_framework;
			packageProductDependencies = (
			);
			productName = swift_strategies_framework;
			productReference = D3FDA9E02E3633D200BEE429 /* swift_strategies_framework.framework */;
			productType = "com.apple.product-type.framework";
		};
		D3FDA9E72E3633D200BEE429 /* swift_strategies_frameworkTests */ = {
			isa = PBXNativeTarget;
			buildConfigurationList = D3FDA9F42E3633D200BEE429 /* Build configuration list for PBXNativeTarget "swift_strategies_frameworkTests" */;
			buildPhases = (
				D3FDA9E42E3633D200BEE429 /* Sources */,
				D3FDA9E52E3633D200BEE429 /* Frameworks */,
				D3FDA9E62E3633D200BEE429 /* Resources */,
			);
			buildRules = (
			);
			dependencies = (
				D3FDA9EB2E3633D200BEE429 /* PBXTargetDependency */,
			);
			fileSystemSynchronizedGroups = (
				D3FDA9EC2E3633D200BEE429 /* swift_strategies_frameworkTests */,
			);
			name = swift_strategies_frameworkTests;
			packageProductDependencies = (
			);
			productName = swift_strategies_frameworkTests;
			productReference = D3FDA9E82E3633D200BEE429 /* swift_strategies_frameworkTests.xctest */;
			productType = "com.apple.product-type.bundle.unit-test";
		};
/* End PBXNativeTarget section */

/* Begin PBXProject section */
		D30E005C2E22EB43003660AD /* Project object */ = {
			isa = PBXProject;
			attributes = {
				BuildIndependentTargetsInParallel = 1;
				LastSwiftUpdateCheck = 1640;
				LastUpgradeCheck = 1640;
				TargetAttributes = {
					D30E00632E22EB43003660AD = {
						CreatedOnToolsVersion = 16.4;
					};
					D3FDA9DF2E3633D200BEE429 = {
						CreatedOnToolsVersion = 16.4;
					};
					D3FDA9E72E3633D200BEE429 = {
						CreatedOnToolsVersion = 16.4;
					};
				};
			};
			buildConfigurationList = D30E005F2E22EB43003660AD /* Build configuration list for PBXProject "swift_strategies" */;
			developmentRegion = en;
			hasScannedForEncodings = 0;
			knownRegions = (
				en,
				Base,
			);
			mainGroup = D30E005B2E22EB43003660AD;
			minimizedProjectReferenceProxies = 1;
			preferredProjectObjectVersion = 77;
			productRefGroup = D30E00652E22EB43003660AD /* Products */;
			projectDirPath = "";
			projectRoot = "";
			targets = (
				D30E00632E22EB43003660AD /* swift_strategies */,
				D3FDA9DF2E3633D200BEE429 /* swift_strategies_framework */,
				D3FDA9E72E3633D200BEE429 /* swift_strategies_frameworkTests */,
			);
		};
/* End PBXProject section */

/* Begin PBXResourcesBuildPhase section */
		D3FDA9DE2E3633D200BEE429 /* Resources */ = {
			isa = PBXResourcesBuildPhase;
			buildActionMask = 2147483647;
			files = (
			);
			runOnlyForDeploymentPostprocessing = 0;
		};
		D3FDA9E62E3633D200BEE429 /* Resources */ = {
			isa = PBXResourcesBuildPhase;
			buildActionMask = 2147483647;
			files = (
			);
			runOnlyForDeploymentPostprocessing = 0;
		};
/* End PBXResourcesBuildPhase section */

/* Begin PBXSourcesBuildPhase section */
		D30E00602E22EB43003660AD /* Sources */ = {
			isa = PBXSourcesBuildPhase;
			buildActionMask = 2147483647;
			files = (
			);
			runOnlyForDeploymentPostprocessing = 0;
		};
		D3FDA9DC2E3633D200BEE429 /* Sources */ = {
			isa = PBXSourcesBuildPhase;
			buildActionMask = 2147483647;
			files = (
			);
			runOnlyForDeploymentPostprocessing = 0;
		};
		D3FDA9E42E3633D200BEE429 /* Sources */ = {
			isa = PBXSourcesBuildPhase;
			buildActionMask = 2147483647;
			files = (
			);
			runOnlyForDeploymentPostprocessing = 0;
		};
/* End PBXSourcesBuildPhase section */

/* Begin PBXTargetDependency section */
		D3FDA9EB2E3633D200BEE429 /* PBXTargetDependency */ = {
			isa = PBXTargetDependency;
			target = D3FDA9DF2E3633D200BEE429 /* swift_strategies_framework */;
			targetProxy = D3FDA9EA2E3633D200BEE429 /* PBXContainerItemProxy */;
		};
		D3FDAA352E3636E800BEE429 /* PBXTargetDependency */ = {
			isa = PBXTargetDependency;
			target = D3FDA9DF2E3633D200BEE429 /* swift_strategies_framework */;
			targetProxy = D3FDAA342E3636E800BEE429 /* PBXContainerItemProxy */;
		};
/* End PBXTargetDependency section */

/* Begin XCBuildConfiguration section */
		D30E00692E22EB43003660AD /* Debug */ = {
			isa = XCBuildConfiguration;
			buildSettings = {
				ALWAYS_SEARCH_USER_PATHS = NO;
				ASSETCATALOG_COMPILER_GENERATE_SWIFT_ASSET_SYMBOL_EXTENSIONS = YES;
				CLANG_ANALYZER_NONNULL = YES;
				CLANG_ANALYZER_NUMBER_OBJECT_CONVERSION = YES_AGGRESSIVE;
				CLANG_CXX_LANGUAGE_STANDARD = "gnu++20";
				CLANG_ENABLE_MODULES = YES;
				CLANG_ENABLE_OBJC_ARC = YES;
				CLANG_ENABLE_OBJC_WEAK = YES;
				CLANG_WARN_BLOCK_CAPTURE_AUTORELEASING = YES;
				CLANG_WARN_BOOL_CONVERSION = YES;
				CLANG_WARN_COMMA = YES;
				CLANG_WARN_CONSTANT_CONVERSION = YES;
				CLANG_WARN_DEPRECATED_OBJC_IMPLEMENTATIONS = YES;
				CLANG_WARN_DIRECT_OBJC_ISA_USAGE = YES_ERROR;
				CLANG_WARN_DOCUMENTATION_COMMENTS = YES;
				CLANG_WARN_EMPTY_BODY = YES;
				CLANG_WARN_ENUM_CONVERSION = YES;
				CLANG_WARN_INFINITE_RECURSION = YES;
				CLANG_WARN_INT_CONVERSION = YES;
				CLANG_WARN_NON_LITERAL_NULL_CONVERSION = YES;
				CLANG_WARN_OBJC_IMPLICIT_RETAIN_SELF = YES;
				CLANG_WARN_OBJC_LITERAL_CONVERSION = YES;
				CLANG_WARN_OBJC_ROOT_CLASS = YES_ERROR;
				CLANG_WARN_QUOTED_INCLUDE_IN_FRAMEWORK_HEADER = YES;
				CLANG_WARN_RANGE_LOOP_ANALYSIS = YES;
				CLANG_WARN_STRICT_PROTOTYPES = YES;
				CLANG_WARN_SUSPICIOUS_MOVE = YES;
				CLANG_WARN_UNGUARDED_AVAILABILITY = YES_AGGRESSIVE;
				CLANG_WARN_UNREACHABLE_CODE = YES;
				CLANG_WARN__DUPLICATE_METHOD_MATCH = YES;
				COPY_PHASE_STRIP = NO;
				DEBUG_INFORMATION_FORMAT = dwarf;
				DEVELOPMENT_TEAM = JZ3AH8748N;
				ENABLE_STRICT_OBJC_MSGSEND = YES;
				ENABLE_TESTABILITY = YES;
				ENABLE_USER_SCRIPT_SANDBOXING = YES;
				GCC_C_LANGUAGE_STANDARD = gnu17;
				GCC_DYNAMIC_NO_PIC = NO;
				GCC_NO_COMMON_BLOCKS = YES;
				GCC_OPTIMIZATION_LEVEL = 0;
				GCC_PREPROCESSOR_DEFINITIONS = (
					"DEBUG=1",
					"$(inherited)",
				);
				GCC_WARN_64_TO_32_BIT_CONVERSION = YES;
				GCC_WARN_ABOUT_RETURN_TYPE = YES_ERROR;
				GCC_WARN_UNDECLARED_SELECTOR = YES;
				GCC_WARN_UNINITIALIZED_AUTOS = YES_AGGRESSIVE;
				GCC_WARN_UNUSED_FUNCTION = YES;
				GCC_WARN_UNUSED_VARIABLE = YES;
				LOCALIZATION_PREFERS_STRING_CATALOGS = YES;
				MACOSX_DEPLOYMENT_TARGET = 15.5;
				MTL_ENABLE_DEBUG_INFO = INCLUDE_SOURCE;
				MTL_FAST_MATH = YES;
				ONLY_ACTIVE_ARCH = YES;
				SDKROOT = macosx;
				SWIFT_ACTIVE_COMPILATION_CONDITIONS = "DEBUG $(inherited)";
				SWIFT_OPTIMIZATION_LEVEL = "-Onone";
			};
			name = Debug;
		};
		D30E006A2E22EB43003660AD /* Release */ = {
			isa = XCBuildConfiguration;
			buildSettings = {
				ALWAYS_SEARCH_USER_PATHS = NO;
				ASSETCATALOG_COMPILER_GENERATE_SWIFT_ASSET_SYMBOL_EXTENSIONS = YES;
				CLANG_ANALYZER_NONNULL = YES;
				CLANG_ANALYZER_NUMBER_OBJECT_CONVERSION = YES_AGGRESSIVE;
				CLANG_CXX_LANGUAGE_STANDARD = "gnu++20";
				CLANG_ENABLE_MODULES = YES;
				CLANG_ENABLE_OBJC_ARC = YES;
				CLANG_ENABLE_OBJC_WEAK = YES;
				CLANG_WARN_BLOCK_CAPTURE_AUTORELEASING = YES;
				CLANG_WARN_BOOL_CONVERSION = YES;
				CLANG_WARN_COMMA = YES;
				CLANG_WARN_CONSTANT_CONVERSION = YES;
				CLANG_WARN_DEPRECATED_OBJC_IMPLEMENTATIONS = YES;
				CLANG_WARN_DIRECT_OBJC_ISA_USAGE = YES_ERROR;
				CLANG_WARN_DOCUMENTATION_COMMENTS = YES;
				CLANG_WARN_EMPTY_BODY = YES;
				CLANG_WARN_ENUM_CONVERSION = YES;
				CLANG_WARN_INFINITE_RECURSION = YES;
				CLANG_WARN_INT_CONVERSION = YES;
				CLANG_WARN_NON_LITERAL_NULL_CONVERSION = YES;
				CLANG_WARN_OBJC_IMPLICIT_RETAIN_SELF = YES;
				CLANG_WARN_OBJC_LITERAL_CONVERSION = YES;
				CLANG_WARN_OBJC_ROOT_CLASS = YES_ERROR;
				CLANG_WARN_QUOTED_INCLUDE_IN_FRAMEWORK_HEADER = YES;
				CLANG_WARN_RANGE_LOOP_ANALYSIS = YES;
				CLANG_WARN_STRICT_PROTOTYPES = YES;
				CLANG_WARN_SUSPICIOUS_MOVE = YES;
				CLANG_WARN_UNGUARDED_AVAILABILITY = YES_AGGRESSIVE;
				CLANG_WARN_UNREACHABLE_CODE = YES;
				CLANG_WARN__DUPLICATE_METHOD_MATCH = YES;
				COPY_PHASE_STRIP = NO;
				DEBUG_INFORMATION_FORMAT = "dwarf-with-dsym";
				DEVELOPMENT_TEAM = JZ3AH8748N;
				ENABLE_NS_ASSERTIONS = NO;
				ENABLE_STRICT_OBJC_MSGSEND = YES;
				ENABLE_USER_SCRIPT_SANDBOXING = YES;
				GCC_C_LANGUAGE_STANDARD = gnu17;
				GCC_NO_COMMON_BLOCKS = YES;
				GCC_WARN_64_TO_32_BIT_CONVERSION = YES;
				GCC_WARN_ABOUT_RETURN_TYPE = YES_ERROR;
				GCC_WARN_UNDECLARED_SELECTOR = YES;
				GCC_WARN_UNINITIALIZED_AUTOS = YES_AGGRESSIVE;
				GCC_WARN_UNUSED_FUNCTION = YES;
				GCC_WARN_UNUSED_VARIABLE = YES;
				LOCALIZATION_PREFERS_STRING_CATALOGS = YES;
				MACOSX_DEPLOYMENT_TARGET = 15.5;
				MTL_ENABLE_DEBUG_INFO = NO;
				MTL_FAST_MATH = YES;
				SDKROOT = macosx;
				SWIFT_COMPILATION_MODE = wholemodule;
			};
			name = Release;
		};
		D30E006C2E22EB43003660AD /* Debug */ = {
			isa = XCBuildConfiguration;
			buildSettings = {
				CODE_SIGN_STYLE = Automatic;
				DEVELOPMENT_TEAM = JZ3AH8748N;
				ENABLE_HARDENED_RUNTIME = YES;
				PRODUCT_NAME = "$(TARGET_NAME)";
				SWIFT_VERSION = 5.0;
			};
			name = Debug;
		};
		D30E006D2E22EB43003660AD /* Release */ = {
			isa = XCBuildConfiguration;
			buildSettings = {
				CODE_SIGN_STYLE = Automatic;
				DEVELOPMENT_TEAM = JZ3AH8748N;
				ENABLE_HARDENED_RUNTIME = YES;
				PRODUCT_NAME = "$(TARGET_NAME)";
				SWIFT_VERSION = 5.0;
			};
			name = Release;
		};
		D3FDA9EF2E3633D200BEE429 /* Debug */ = {
			isa = XCBuildConfiguration;
			buildSettings = {
				BUILD_LIBRARY_FOR_DISTRIBUTION = YES;
				CODE_SIGN_STYLE = Automatic;
				COMBINE_HIDPI_IMAGES = YES;
				CURRENT_PROJECT_VERSION = 1;
				DEVELOPMENT_TEAM = JZ3AH8748N;
				DYLIB_COMPATIBILITY_VERSION = 1;
				DYLIB_CURRENT_VERSION = 1;
				DYLIB_INSTALL_NAME_BASE = "@rpath";
				ENABLE_MODULE_VERIFIER = YES;
				GENERATE_INFOPLIST_FILE = YES;
				INFOPLIST_KEY_NSHumanReadableCopyright = "";
				INSTALL_PATH = "$(LOCAL_LIBRARY_DIR)/Frameworks";
				LD_RUNPATH_SEARCH_PATHS = (
					"$(inherited)",
					"@executable_path/../Frameworks",
					"@loader_path/Frameworks",
				);
				MARKETING_VERSION = 1.0;
				MODULE_VERIFIER_SUPPORTED_LANGUAGES = "objective-c objective-c++";
				MODULE_VERIFIER_SUPPORTED_LANGUAGE_STANDARDS = "gnu17 gnu++20";
				PRODUCT_BUNDLE_IDENTIFIER = "name.jannic.swift-strategies-framework";
				PRODUCT_NAME = "$(TARGET_NAME:c99extidentifier)";
				SKIP_INSTALL = YES;
				SWIFT_EMIT_LOC_STRINGS = YES;
				SWIFT_INSTALL_MODULE = YES;
				SWIFT_INSTALL_OBJC_HEADER = NO;
				SWIFT_VERSION = 5.0;
				VERSIONING_SYSTEM = "apple-generic";
				VERSION_INFO_PREFIX = "";
			};
			name = Debug;
		};
		D3FDA9F02E3633D200BEE429 /* Release */ = {
			isa = XCBuildConfiguration;
			buildSettings = {
				BUILD_LIBRARY_FOR_DISTRIBUTION = YES;
				CODE_SIGN_STYLE = Automatic;
				COMBINE_HIDPI_IMAGES = YES;
				CURRENT_PROJECT_VERSION = 1;
				DEVELOPMENT_TEAM = JZ3AH8748N;
				DYLIB_COMPATIBILITY_VERSION = 1;
				DYLIB_CURRENT_VERSION = 1;
				DYLIB_INSTALL_NAME_BASE = "@rpath";
				ENABLE_MODULE_VERIFIER = YES;
				GENERATE_INFOPLIST_FILE = YES;
				INFOPLIST_KEY_NSHumanReadableCopyright = "";
				INSTALL_PATH = "$(LOCAL_LIBRARY_DIR)/Frameworks";
				LD_RUNPATH_SEARCH_PATHS = (
					"$(inherited)",
					"@executable_path/../Frameworks",
					"@loader_path/Frameworks",
				);
				MARKETING_VERSION = 1.0;
				MODULE_VERIFIER_SUPPORTED_LANGUAGES = "objective-c objective-c++";
				MODULE_VERIFIER_SUPPORTED_LANGUAGE_STANDARDS = "gnu17 gnu++20";
				PRODUCT_BUNDLE_IDENTIFIER = "name.jannic.swift-strategies-framework";
				PRODUCT_NAME = "$(TARGET_NAME:c99extidentifier)";
				SKIP_INSTALL = YES;
				SWIFT_EMIT_LOC_STRINGS = YES;
				SWIFT_INSTALL_MODULE = YES;
				SWIFT_INSTALL_OBJC_HEADER = NO;
				SWIFT_VERSION = 5.0;
				VERSIONING_SYSTEM = "apple-generic";
				VERSION_INFO_PREFIX = "";
			};
			name = Release;
		};
		D3FDA9F12E3633D200BEE429 /* Debug */ = {
			isa = XCBuildConfiguration;
			buildSettings = {
				CODE_SIGN_STYLE = Automatic;
				CURRENT_PROJECT_VERSION = 1;
				DEVELOPMENT_TEAM = JZ3AH8748N;
				GENERATE_INFOPLIST_FILE = YES;
				MARKETING_VERSION = 1.0;
				PRODUCT_BUNDLE_IDENTIFIER = "name.jannic.swift-strategies-frameworkTests";
				PRODUCT_NAME = "$(TARGET_NAME)";
				SWIFT_EMIT_LOC_STRINGS = NO;
				SWIFT_VERSION = 5.0;
			};
			name = Debug;
		};
		D3FDA9F22E3633D200BEE429 /* Release */ = {
			isa = XCBuildConfiguration;
			buildSettings = {
				CODE_SIGN_STYLE = Automatic;
				CURRENT_PROJECT_VERSION = 1;
				DEVELOPMENT_TEAM = JZ3AH8748N;
				GENERATE_INFOPLIST_FILE = YES;
				MARKETING_VERSION = 1.0;
				PRODUCT_BUNDLE_IDENTIFIER = "name.jannic.swift-strategies-frameworkTests";
				PRODUCT_NAME = "$(TARGET_NAME)";
				SWIFT_EMIT_LOC_STRINGS = NO;
				SWIFT_VERSION = 5.0;
			};
			name = Release;
		};
/* End XCBuildConfiguration section */

/* Begin XCConfigurationList section */
		D30E005F2E22EB43003660AD /* Build configuration list for PBXProject "swift_strategies" */ = {
			isa = XCConfigurationList;
			buildConfigurations = (
				D30E00692E22EB43003660AD /* Debug */,
				D30E006A2E22EB43003660AD /* Release */,
			);
			defaultConfigurationIsVisible = 0;
			defaultConfigurationName = Release;
		};
		D30E006B2E22EB43003660AD /* Build configuration list for PBXNativeTarget "swift_strategies" */ = {
			isa = XCConfigurationList;
			buildConfigurations = (
				D30E006C2E22EB43003660AD /* Debug */,
				D30E006D2E22EB43003660AD /* Release */,
			);
			defaultConfigurationIsVisible = 0;
			defaultConfigurationName = Release;
		};
		D3FDA9F32E3633D200BEE429 /* Build configuration list for PBXNativeTarget "swift_strategies_framework" */ = {
			isa = XCConfigurationList;
			buildConfigurations = (
				D3FDA9EF2E3633D200BEE429 /* Debug */,
				D3FDA9F02E3633D200BEE429 /* Release */,
			);
			defaultConfigurationIsVisible = 0;
			defaultConfigurationName = Release;
		};
		D3FDA9F42E3633D200BEE429 /* Build configuration list for PBXNativeTarget "swift_strategies_frameworkTests" */ = {
			isa = XCConfigurationList;
			buildConfigurations = (
				D3FDA9F12E3633D200BEE429 /* Debug */,
				D3FDA9F22E3633D200BEE429 /* Release */,
			);
			defaultConfigurationIsVisible = 0;
			defaultConfigurationName = Release;
		};
/* End XCConfigurationList section */
	};
	rootObject = D30E005C2E22EB43003660AD /* Project object */;
}
