{
  "originHash" : "7481e178cacc3ac9efcfe5abfc78d80807d45df081dba39ef2954b5ac06d3124",
  "pins" : [
    {
      "identity" : "grdb.swift",
      "kind" : "remoteSourceControl",
      "location" : "https://github.com/groue/GRDB.swift.git",
      "state" : {
        "revision" : "18497b68fdbb3a09528d260a0a0e1e7e61c8c53d",
        "version" : "7.8.0"
      }
    }
  ],
  "version" : 3
}
